
Microsoft Visual Studio Solution File, Format Version 12.00
# Visual Studio Version 17
VisualStudioVersion = 17.11.35327.3
MinimumVisualStudioVersion = 10.0.40219.1
Project("{FAE04EC0-301F-11D3-BF4B-00C04F79EFBC}") = "WebAPITest", "WebAPITest\WebAPITest.csproj", "{CA8D2720-4ABC-4082-899E-D8B091BD9C3B}"
EndProject
Global
	GlobalSection(SolutionConfigurationPlatforms) = preSolution
		Debug|Any CPU = Debug|Any CPU
		Release|Any CPU = Release|Any CPU
	EndGlobalSection
	GlobalSection(ProjectConfigurationPlatforms) = postSolution
		{CA8D2720-4ABC-4082-899E-D8B091BD9C3B}.Debug|Any CPU.ActiveCfg = Debug|Any CPU
		{CA8D2720-4ABC-4082-899E-D8B091BD9C3B}.Debug|Any CPU.Build.0 = Debug|Any CPU
		{CA8D2720-4ABC-4082-899E-D8B091BD9C3B}.Release|Any CPU.ActiveCfg = Release|Any CPU
		{CA8D2720-4ABC-4082-899E-D8B091BD9C3B}.Release|Any CPU.Build.0 = Release|Any CPU
	EndGlobalSection
	GlobalSection(SolutionProperties) = preSolution
		HideSolutionNode = FALSE
	EndGlobalSection
	GlobalSection(ExtensibilityGlobals) = postSolution
		SolutionGuid = {78E9BB8C-D980-41D1-91AE-CA7010209547}
	EndGlobalSection
EndGlobal
